
Microsoft Visual Studio Solution File, Format Version 12.00
# Visual Studio Version 16
VisualStudioVersion = 16.0.29519.181
MinimumVisualStudioVersion = 10.0.40219.1
Project("{FAE04EC0-301F-11D3-BF4B-00C04F79EFBC}") = "DI.Class13.Second", "DI.Class13.Second\DI.Class13.Second.csproj", "{E422DB92-E141-491C-B4A8-7BC18E1321AB}"
EndProject
Global
	GlobalSection(SolutionConfigurationPlatforms) = preSolution
		Debug|Any CPU = Debug|Any CPU
		Release|Any CPU = Release|Any CPU
	EndGlobalSection
	GlobalSection(ProjectConfigurationPlatforms) = postSolution
		{E422DB92-E141-491C-B4A8-7BC18E1321AB}.Debug|Any CPU.ActiveCfg = Debug|Any CPU
		{E422DB92-E141-491C-B4A8-7BC18E1321AB}.Debug|Any CPU.Build.0 = Debug|Any CPU
		{E422DB92-E141-491C-B4A8-7BC18E1321AB}.Release|Any CPU.ActiveCfg = Release|Any CPU
		{E422DB92-E141-491C-B4A8-7BC18E1321AB}.Release|Any CPU.Build.0 = Release|Any CPU
	EndGlobalSection
	GlobalSection(SolutionProperties) = preSolution
		HideSolutionNode = FALSE
	EndGlobalSection
	GlobalSection(ExtensibilityGlobals) = postSolution
		SolutionGuid = {11D908A5-697E-4EB6-959E-0C9E42716DAF}
	EndGlobalSection
EndGlobal
