
Microsoft Visual Studio Solution File, Format Version 12.00
# Visual Studio Version 16
VisualStudioVersion = 16.0.29519.181
MinimumVisualStudioVersion = 10.0.40219.1
Project("{FAE04EC0-301F-11D3-BF4B-00C04F79EFBC}") = "DemoLibrarySeventh", "DI.Class13.ConsoleUI.7th\DemoLibrarySeventh.csproj", "{99F49113-0D9F-4C44-91EB-2A4D23ACF0A8}"
EndProject
Project("{FAE04EC0-301F-11D3-BF4B-00C04F79EFBC}") = "DI.Class13.ConsoleUISeventh", "DI.Class13.ConsoleUISeventh\DI.Class13.ConsoleUISeventh.csproj", "{0FDB28E3-7194-43BA-806E-153D221508B1}"
EndProject
Global
	GlobalSection(SolutionConfigurationPlatforms) = preSolution
		Debug|Any CPU = Debug|Any CPU
		Release|Any CPU = Release|Any CPU
	EndGlobalSection
	GlobalSection(ProjectConfigurationPlatforms) = postSolution
		{99F49113-0D9F-4C44-91EB-2A4D23ACF0A8}.Debug|Any CPU.ActiveCfg = Debug|Any CPU
		{99F49113-0D9F-4C44-91EB-2A4D23ACF0A8}.Debug|Any CPU.Build.0 = Debug|Any CPU
		{99F49113-0D9F-4C44-91EB-2A4D23ACF0A8}.Release|Any CPU.ActiveCfg = Release|Any CPU
		{99F49113-0D9F-4C44-91EB-2A4D23ACF0A8}.Release|Any CPU.Build.0 = Release|Any CPU
		{0FDB28E3-7194-43BA-806E-153D221508B1}.Debug|Any CPU.ActiveCfg = Debug|Any CPU
		{0FDB28E3-7194-43BA-806E-153D221508B1}.Debug|Any CPU.Build.0 = Debug|Any CPU
		{0FDB28E3-7194-43BA-806E-153D221508B1}.Release|Any CPU.ActiveCfg = Release|Any CPU
		{0FDB28E3-7194-43BA-806E-153D221508B1}.Release|Any CPU.Build.0 = Release|Any CPU
	EndGlobalSection
	GlobalSection(SolutionProperties) = preSolution
		HideSolutionNode = FALSE
	EndGlobalSection
	GlobalSection(ExtensibilityGlobals) = postSolution
		SolutionGuid = {11D908A5-697E-4EB6-959E-0C9E42716DAF}
	EndGlobalSection
EndGlobal
